
Microsoft Visual Studio Solution File, Format Version 12.00
# Visual Studio Version 16
VisualStudioVersion = 16.0.31424.327
MinimumVisualStudioVersion = 10.0.40219.1
Project("{FAE04EC0-301F-11D3-BF4B-00C04F79EFBC}") = "PolinomialExtended", "PolinomialExtended\PolinomialExtended.csproj", "{6E25C25E-52DA-4FA3-9942-50491CA774F8}"
EndProject
Global
	GlobalSection(SolutionConfigurationPlatforms) = preSolution
		Debug|Any CPU = Debug|Any CPU
		Release|Any CPU = Release|Any CPU
	EndGlobalSection
	GlobalSection(ProjectConfigurationPlatforms) = postSolution
		{6E25C25E-52DA-4FA3-9942-50491CA774F8}.Debug|Any CPU.ActiveCfg = Debug|Any CPU
		{6E25C25E-52DA-4FA3-9942-50491CA774F8}.Debug|Any CPU.Build.0 = Debug|Any CPU
		{6E25C25E-52DA-4FA3-9942-50491CA774F8}.Release|Any CPU.ActiveCfg = Release|Any CPU
		{6E25C25E-52DA-4FA3-9942-50491CA774F8}.Release|Any CPU.Build.0 = Release|Any CPU
	EndGlobalSection
	GlobalSection(SolutionProperties) = preSolution
		HideSolutionNode = FALSE
	EndGlobalSection
	GlobalSection(ExtensibilityGlobals) = postSolution
		SolutionGuid = {4B6C5293-6EA6-484D-B13C-990604895634}
	EndGlobalSection
EndGlobal
